// !$*UTF8*$!
{
	archiveVersion = 1;
	classes = {
	};
	objectVersion = 56;
	objects = {

/* Begin PBXBuildFile section */
		DEADBEEFDEADBEEFDEAD0006 /* Assets.xcassets in Resources */ = {isa = PBXBuildFile; fileRef = DEADBEEFDEADBEEFDEAD0005 /* Assets.xcassets */; };
		6274EE752F0DE62F0053C958 /* CreateTallyView.swift in Sources */ = {isa = PBXBuildFile; fileRef = 6274EE732F0DE62F0053C958 /* CreateTallyView.swift */; };
		6274EE7D2F0DFEBA0053C958 /* CreateTallyReturnDateSection.swift in Sources */ = {isa = PBXBuildFile; fileRef = 6274EE7B2F0DFEBA0053C958 /* CreateTallyReturnDateSection.swift */; };
		6274EE7E2F0DFEBA0053C958 /* CreateTallyTransactionDetailsSection.swift in Sources */ = {isa = PBXBuildFile; fileRef = 6274EE7C2F0DFEBA0053C958 /* CreateTallyTransactionDetailsSection.swift */; };
		6274EE812F0E037F0053C958 /* TransactionDetailView.swift in Sources */ = {isa = PBXBuildFile; fileRef = 6274EE802F0E037F0053C958 /* TransactionDetailView.swift */; };
		6274EE822F0E037F0053C958 /* AddTransactionView.swift in Sources */ = {isa = PBXBuildFile; fileRef = 6274EE7F2F0E037F0053C958 /* AddTransactionView.swift */; };
		6274EE862F0E038D0053C958 /* PersonListView.swift in Sources */ = {isa = PBXBuildFile; fileRef = 6274EE852F0E038D0053C958 /* PersonListView.swift */; };
		6274EE872F0E038D0053C958 /* PersonDetailView.swift in Sources */ = {isa = PBXBuildFile; fileRef = 6274EE842F0E038D0053C958 /* PersonDetailView.swift */; };
		6274EE882F0E038D0053C958 /* AddPersonView.swift in Sources */ = {isa = PBXBuildFile; fileRef = 6274EE832F0E038D0053C958 /* AddPersonView.swift */; };
		6274EE8A2F0E039E0053C958 /* DashboardView.swift in Sources */ = {isa = PBXBuildFile; fileRef = 6274EE892F0E039E0053C958 /* DashboardView.swift */; };
		6274EE8C2F0E03AB0053C958 /* SettlementView.swift in Sources */ = {isa = PBXBuildFile; fileRef = 6274EE8B2F0E03AB0053C958 /* SettlementView.swift */; };
		6274EE902F0E03BC0053C958 /* ImagePicker.swift in Sources */ = {isa = PBXBuildFile; fileRef = 6274EE8F2F0E03BC0053C958 /* ImagePicker.swift */; };
		6274EE912F0E03BC0053C958 /* ContactPicker.swift in Sources */ = {isa = PBXBuildFile; fileRef = 6274EE8D2F0E03BC0053C958 /* ContactPicker.swift */; };
		6274EE922F0E03BC0053C958 /* FormatterHelper.swift in Sources */ = {isa = PBXBuildFile; fileRef = 6274EE8E2F0E03BC0053C958 /* FormatterHelper.swift */; };
		6274EE952F0E03CC0053C958 /* Person.swift in Sources */ = {isa = PBXBuildFile; fileRef = 6274EE932F0E03CC0053C958 /* Person.swift */; };
		6274EE962F0E03CC0053C958 /* Transaction.swift in Sources */ = {isa = PBXBuildFile; fileRef = 6274EE942F0E03CC0053C958 /* Transaction.swift */; };
		A101 /* (null) in Sources */ = {isa = PBXBuildFile; };
		A102 /* (null) in Sources */ = {isa = PBXBuildFile; };
		A103 /* (null) in Resources */ = {isa = PBXBuildFile; };
		A104 /* (null) in Sources */ = {isa = PBXBuildFile; };
		A105 /* (null) in Sources */ = {isa = PBXBuildFile; };
		A106 /* (null) in Sources */ = {isa = PBXBuildFile; };
		A107 /* (null) in Sources */ = {isa = PBXBuildFile; };
		A108 /* (null) in Sources */ = {isa = PBXBuildFile; };
		A109 /* (null) in Sources */ = {isa = PBXBuildFile; };
		A110 /* (null) in Sources */ = {isa = PBXBuildFile; };
		A111 /* (null) in Sources */ = {isa = PBXBuildFile; };
		A112 /* (null) in Sources */ = {isa = PBXBuildFile; };
		A113 /* (null) in Sources */ = {isa = PBXBuildFile; };
		A114 /* (null) in Sources */ = {isa = PBXBuildFile; };
		A115 /* (null) in Sources */ = {isa = PBXBuildFile; };
		C0110007 /* CreateTallyPersonSelectorSection.swift in Sources */ = {isa = PBXBuildFile; fileRef = C0110017 /* CreateTallyPersonSelectorSection.swift */; };
		C0110100 /* CreateTallyViewModel.swift in Sources */ = {isa = PBXBuildFile; fileRef = C0110101 /* CreateTallyViewModel.swift */; };
		DEADBEEFDEADBEEFDEAD0003 /* TallyHishabApp.swift in Sources */ = {isa = PBXBuildFile; fileRef = DEADBEEFDEADBEEFDEAD0001 /* TallyHishabApp.swift */; };
		DEADBEEFDEADBEEFDEAD0004 /* ContentView.swift in Sources */ = {isa = PBXBuildFile; fileRef = DEADBEEFDEADBEEFDEAD0002 /* ContentView.swift */; };
/* End PBXBuildFile section */

/* Begin PBXFileReference section */
		DEADBEEFDEADBEEFDEAD0005 /* Assets.xcassets */ = {isa = PBXFileReference; lastKnownFileType = folder.assetcatalog; path = Assets.xcassets; sourceTree = "<group>"; };
		DEADBEEFDEADBEEFDEAD0099 /* TallyHishab.app */ = {isa = PBXFileReference; explicitFileType = wrapper.application; includeInIndex = 0; path = TallyHishab.app; sourceTree = BUILT_PRODUCTS_DIR; };
		6274EE732F0DE62F0053C958 /* CreateTallyView.swift */ = {isa = PBXFileReference; lastKnownFileType = sourcecode.swift; path = CreateTallyView.swift; sourceTree = "<group>"; };
		6274EE7B2F0DFEBA0053C958 /* CreateTallyReturnDateSection.swift */ = {isa = PBXFileReference; lastKnownFileType = sourcecode.swift; path = CreateTallyReturnDateSection.swift; sourceTree = "<group>"; };
		6274EE7C2F0DFEBA0053C958 /* CreateTallyTransactionDetailsSection.swift */ = {isa = PBXFileReference; lastKnownFileType = sourcecode.swift; path = CreateTallyTransactionDetailsSection.swift; sourceTree = "<group>"; };
		6274EE7F2F0E037F0053C958 /* AddTransactionView.swift */ = {isa = PBXFileReference; lastKnownFileType = sourcecode.swift; path = AddTransactionView.swift; sourceTree = "<group>"; };
		6274EE802F0E037F0053C958 /* TransactionDetailView.swift */ = {isa = PBXFileReference; lastKnownFileType = sourcecode.swift; path = TransactionDetailView.swift; sourceTree = "<group>"; };
		6274EE832F0E038D0053C958 /* AddPersonView.swift */ = {isa = PBXFileReference; lastKnownFileType = sourcecode.swift; path = AddPersonView.swift; sourceTree = "<group>"; };
		6274EE842F0E038D0053C958 /* PersonDetailView.swift */ = {isa = PBXFileReference; lastKnownFileType = sourcecode.swift; path = PersonDetailView.swift; sourceTree = "<group>"; };
		6274EE852F0E038D0053C958 /* PersonListView.swift */ = {isa = PBXFileReference; lastKnownFileType = sourcecode.swift; path = PersonListView.swift; sourceTree = "<group>"; };
		6274EE892F0E039E0053C958 /* DashboardView.swift */ = {isa = PBXFileReference; lastKnownFileType = sourcecode.swift; path = DashboardView.swift; sourceTree = "<group>"; };
		6274EE8B2F0E03AB0053C958 /* SettlementView.swift */ = {isa = PBXFileReference; lastKnownFileType = sourcecode.swift; path = SettlementView.swift; sourceTree = "<group>"; };
		6274EE8D2F0E03BC0053C958 /* ContactPicker.swift */ = {isa = PBXFileReference; lastKnownFileType = sourcecode.swift; path = ContactPicker.swift; sourceTree = "<group>"; };
		6274EE8E2F0E03BC0053C958 /* FormatterHelper.swift */ = {isa = PBXFileReference; lastKnownFileType = sourcecode.swift; path = FormatterHelper.swift; sourceTree = "<group>"; };
		6274EE8F2F0E03BC0053C958 /* ImagePicker.swift */ = {isa = PBXFileReference; lastKnownFileType = sourcecode.swift; path = ImagePicker.swift; sourceTree = "<group>"; };
		6274EE932F0E03CC0053C958 /* Person.swift */ = {isa = PBXFileReference; lastKnownFileType = sourcecode.swift; path = Person.swift; sourceTree = "<group>"; };
		6274EE942F0E03CC0053C958 /* Transaction.swift */ = {isa = PBXFileReference; lastKnownFileType = sourcecode.swift; path = Transaction.swift; sourceTree = "<group>"; };
		C0110017 /* CreateTallyPersonSelectorSection.swift */ = {isa = PBXFileReference; lastKnownFileType = sourcecode.swift; path = CreateTallyPersonSelectorSection.swift; sourceTree = "<group>"; };
		C0110101 /* CreateTallyViewModel.swift */ = {isa = PBXFileReference; lastKnownFileType = sourcecode.swift; path = CreateTallyViewModel.swift; sourceTree = "<group>"; };
		DEADBEEFDEADBEEFDEAD0001 /* TallyHishabApp.swift */ = {isa = PBXFileReference; lastKnownFileType = sourcecode.swift; path = TallyHishabApp.swift; sourceTree = "<group>"; };
		DEADBEEFDEADBEEFDEAD0002 /* ContentView.swift */ = {isa = PBXFileReference; lastKnownFileType = sourcecode.swift; path = ContentView.swift; sourceTree = "<group>"; };
/* End PBXFileReference section */

/* Begin PBXFrameworksBuildPhase section */
		C100 /* Frameworks */ = {
			isa = PBXFrameworksBuildPhase;
			buildActionMask = 2147483647;
			files = (
			);
			runOnlyForDeploymentPostprocessing = 0;
		};
/* End PBXFrameworksBuildPhase section */

/* Begin PBXGroup section */
		6274EE742F0DE62F0053C958 /* CreateTally */ = {
			isa = PBXGroup;
			children = (
				6274EE7B2F0DFEBA0053C958 /* CreateTallyReturnDateSection.swift */,
				6274EE7C2F0DFEBA0053C958 /* CreateTallyTransactionDetailsSection.swift */,
				6274EE732F0DE62F0053C958 /* CreateTallyView.swift */,
				C0110101 /* CreateTallyViewModel.swift */,
				C0110017 /* CreateTallyPersonSelectorSection.swift */,
			);
			path = CreateTally;
			sourceTree = "<group>";
		};
		D100 = {
			isa = PBXGroup;
			children = (
				D101 /* TallyHishab */,
				D102 /* Products */,
			);
			sourceTree = "<group>";
		};
		D101 /* TallyHishab */ = {
			isa = PBXGroup;
			children = (
				DEADBEEFDEADBEEFDEAD0005 /* Assets.xcassets */,
				DEADBEEFDEADBEEFDEAD0001 /* TallyHishabApp.swift */,
				D103 /* Models */,
				D104 /* Views */,
				D105 /* Helpers */,
			);
			path = TallyHishab;
			sourceTree = "<group>";
		};
		D102 /* Products */ = {
			isa = PBXGroup;
			children = (
				DEADBEEFDEADBEEFDEAD0099 /* TallyHishab.app */,
			);
			name = Products;
			sourceTree = "<group>";
		};
		D103 /* Models */ = {
			isa = PBXGroup;
			children = (
				6274EE932F0E03CC0053C958 /* Person.swift */,
				6274EE942F0E03CC0053C958 /* Transaction.swift */,
			);
			path = Models;
			sourceTree = "<group>";
		};
		D104 /* Views */ = {
			isa = PBXGroup;
			children = (
				DEADBEEFDEADBEEFDEAD0002 /* ContentView.swift */,
				6274EE742F0DE62F0053C958 /* CreateTally */,
				D106 /* Dashboard */,
				D107 /* Person */,
				D108 /* Transaction */,
				D109 /* Settlement */,
			);
			path = Views;
			sourceTree = "<group>";
		};
		D105 /* Helpers */ = {
			isa = PBXGroup;
			children = (
				6274EE8D2F0E03BC0053C958 /* ContactPicker.swift */,
				6274EE8E2F0E03BC0053C958 /* FormatterHelper.swift */,
				6274EE8F2F0E03BC0053C958 /* ImagePicker.swift */,
			);
			path = Helpers;
			sourceTree = "<group>";
		};
		D106 /* Dashboard */ = {
			isa = PBXGroup;
			children = (
				6274EE892F0E039E0053C958 /* DashboardView.swift */,
			);
			path = Dashboard;
			sourceTree = "<group>";
		};
		D107 /* Person */ = {
			isa = PBXGroup;
			children = (
				6274EE832F0E038D0053C958 /* AddPersonView.swift */,
				6274EE842F0E038D0053C958 /* PersonDetailView.swift */,
				6274EE852F0E038D0053C958 /* PersonListView.swift */,
			);
			path = Person;
			sourceTree = "<group>";
		};
		D108 /* Transaction */ = {
			isa = PBXGroup;
			children = (
				6274EE7F2F0E037F0053C958 /* AddTransactionView.swift */,
				6274EE802F0E037F0053C958 /* TransactionDetailView.swift */,
			);
			path = Transaction;
			sourceTree = "<group>";
		};
		D109 /* Settlement */ = {
			isa = PBXGroup;
			children = (
				6274EE8B2F0E03AB0053C958 /* SettlementView.swift */,
			);
			path = Settlement;
			sourceTree = "<group>";
		};
/* End PBXGroup section */

/* Begin PBXNativeTarget section */
		E100 /* TallyHishab */ = {
			isa = PBXNativeTarget;
			buildConfigurationList = F100 /* Build configuration list for PBXNativeTarget "TallyHishab" */;
			buildPhases = (
				E101 /* Sources */,
				C100 /* Frameworks */,
				E102 /* Resources */,
			);
			buildRules = (
			);
			dependencies = (
			);
			name = TallyHishab;
			productName = TallyHishab;
			productReference = DEADBEEFDEADBEEFDEAD0099 /* TallyHishab.app */;
			productType = "com.apple.product-type.application";
		};
/* End PBXNativeTarget section */

/* Begin PBXProject section */
		G100 /* Project object */ = {
			isa = PBXProject;
			attributes = {
				BuildIndependentTargetsInParallel = 1;
				LastSwiftUpdateCheck = 1500;
				LastUpgradeCheck = 2620;
				TargetAttributes = {
					E100 = {
						CreatedOnToolsVersion = 15.0;
					};
				};
			};
			buildConfigurationList = G101 /* Build configuration list for PBXProject "TallyHishab" */;
			compatibilityVersion = "Xcode 14.0";
			developmentRegion = en;
			hasScannedForEncodings = 0;
			knownRegions = (
				en,
				Base,
			);
			mainGroup = D100;
			productRefGroup = D102 /* Products */;
			projectDirPath = "";
			projectRoot = "";
			targets = (
				E100 /* TallyHishab */,
			);
		};
/* End PBXProject section */

/* Begin PBXResourcesBuildPhase section */
		E102 /* Resources */ = {
			isa = PBXResourcesBuildPhase;
			buildActionMask = 2147483647;
			files = (
				DEADBEEFDEADBEEFDEAD0006 /* Assets.xcassets in Resources */,
				A103 /* (null) in Resources */,
			);
			runOnlyForDeploymentPostprocessing = 0;
		};
/* End PBXResourcesBuildPhase section */

/* Begin PBXSourcesBuildPhase section */
		E101 /* Sources */ = {
			isa = PBXSourcesBuildPhase;
			buildActionMask = 2147483647;
			files = (
				DEADBEEFDEADBEEFDEAD0003 /* TallyHishabApp.swift in Sources */,
				DEADBEEFDEADBEEFDEAD0004 /* ContentView.swift in Sources */,
				A101 /* (null) in Sources */,
				A102 /* (null) in Sources */,
				A104 /* (null) in Sources */,
				6274EE812F0E037F0053C958 /* TransactionDetailView.swift in Sources */,
				6274EE822F0E037F0053C958 /* AddTransactionView.swift in Sources */,
				6274EE8C2F0E03AB0053C958 /* SettlementView.swift in Sources */,
				6274EE752F0DE62F0053C958 /* CreateTallyView.swift in Sources */,
				A105 /* (null) in Sources */,
				6274EE8A2F0E039E0053C958 /* DashboardView.swift in Sources */,
				A106 /* (null) in Sources */,
				6274EE862F0E038D0053C958 /* PersonListView.swift in Sources */,
				6274EE872F0E038D0053C958 /* PersonDetailView.swift in Sources */,
				6274EE882F0E038D0053C958 /* AddPersonView.swift in Sources */,
				6274EE7D2F0DFEBA0053C958 /* CreateTallyReturnDateSection.swift in Sources */,
				6274EE952F0E03CC0053C958 /* Person.swift in Sources */,
				6274EE962F0E03CC0053C958 /* Transaction.swift in Sources */,
				6274EE7E2F0DFEBA0053C958 /* CreateTallyTransactionDetailsSection.swift in Sources */,
				A107 /* (null) in Sources */,
				A108 /* (null) in Sources */,
				A109 /* (null) in Sources */,
				A110 /* (null) in Sources */,
				A111 /* (null) in Sources */,
				A112 /* (null) in Sources */,
				A113 /* (null) in Sources */,
				A114 /* (null) in Sources */,
				A115 /* (null) in Sources */,
				6274EE902F0E03BC0053C958 /* ImagePicker.swift in Sources */,
				6274EE912F0E03BC0053C958 /* ContactPicker.swift in Sources */,
				6274EE922F0E03BC0053C958 /* FormatterHelper.swift in Sources */,
				C0110007 /* CreateTallyPersonSelectorSection.swift in Sources */,
				C0110100 /* CreateTallyViewModel.swift in Sources */,
			);
			runOnlyForDeploymentPostprocessing = 0;
		};
/* End PBXSourcesBuildPhase section */

/* Begin XCBuildConfiguration section */
		H100 /* Debug */ = {
			isa = XCBuildConfiguration;
			buildSettings = {
				ALWAYS_SEARCH_USER_PATHS = NO;
				ASSETCATALOG_COMPILER_GENERATE_SWIFT_ASSET_SYMBOL_EXTENSIONS = YES;
				CLANG_ANALYZER_NONNULL = YES;
				CLANG_ANALYZER_NUMBER_OBJECT_CONVERSION = YES_AGGRESSIVE;
				CLANG_CXX_LANGUAGE_STANDARD = "gnu++20";
				CLANG_ENABLE_MODULES = YES;
				CLANG_ENABLE_OBJC_ARC = YES;
				CLANG_ENABLE_OBJC_WEAK = YES;
				CLANG_WARN_BLOCK_CAPTURE_AUTORELEASING = YES;
				CLANG_WARN_BOOL_CONVERSION = YES;
				CLANG_WARN_COMMA = YES;
				CLANG_WARN_CONSTANT_CONVERSION = YES;
				CLANG_WARN_DEPRECATED_OBJC_IMPLEMENTATIONS = YES;
				CLANG_WARN_DIRECT_OBJC_ISA_USAGE = YES_ERROR;
				CLANG_WARN_DOCUMENTATION_COMMENTS = YES;
				CLANG_WARN_EMPTY_BODY = YES;
				CLANG_WARN_ENUM_CONVERSION = YES;
				CLANG_WARN_INFINITE_RECURSION = YES;
				CLANG_WARN_INT_CONVERSION = YES;
				CLANG_WARN_NON_LITERAL_NULL_CONVERSION = YES;
				CLANG_WARN_OBJC_IMPLICIT_RETAIN_SELF = YES;
				CLANG_WARN_OBJC_LITERAL_CONVERSION = YES;
				CLANG_WARN_OBJC_ROOT_CLASS = YES_ERROR;
				CLANG_WARN_QUOTED_INCLUDE_IN_FRAMEWORK_HEADER = YES;
				CLANG_WARN_RANGE_LOOP_ANALYSIS = YES;
				CLANG_WARN_STRICT_PROTOTYPES = YES;
				CLANG_WARN_SUSPICIOUS_MOVE = YES;
				CLANG_WARN_UNGUARDED_AVAILABILITY = YES_AGGRESSIVE;
				CLANG_WARN_UNREACHABLE_CODE = YES;
				CLANG_WARN__DUPLICATE_METHOD_MATCH = YES;
				COPY_PHASE_STRIP = NO;
				DEBUG_INFORMATION_FORMAT = dwarf;
				ENABLE_STRICT_OBJC_MSGSEND = YES;
				ENABLE_TESTABILITY = YES;
				ENABLE_USER_SCRIPT_SANDBOXING = YES;
				GCC_C_LANGUAGE_STANDARD = gnu17;
				GCC_DYNAMIC_NO_PIC = NO;
				GCC_NO_COMMON_BLOCKS = YES;
				GCC_OPTIMIZATION_LEVEL = 0;
				GCC_PREPROCESSOR_DEFINITIONS = (
					"DEBUG=1",
					"$(inherited)",
				);
				GCC_WARN_64_TO_32_BIT_CONVERSION = YES;
				GCC_WARN_ABOUT_RETURN_TYPE = YES_ERROR;
				GCC_WARN_UNDECLARED_SELECTOR = YES;
				GCC_WARN_UNINITIALIZED_AUTOS = YES_AGGRESSIVE;
				GCC_WARN_UNUSED_FUNCTION = YES;
				GCC_WARN_UNUSED_VARIABLE = YES;
				IPHONEOS_DEPLOYMENT_TARGET = 17.0;
				LOCALIZATION_PREFERS_STRING_CATALOGS = YES;
				MTL_ENABLE_DEBUG_INFO = INCLUDE_SOURCE;
				MTL_FAST_MATH = YES;
				ONLY_ACTIVE_ARCH = YES;
				SDKROOT = iphoneos;
				STRING_CATALOG_GENERATE_SYMBOLS = YES;
				SWIFT_ACTIVE_COMPILATION_CONDITIONS = "DEBUG $(inherited)";
				SWIFT_OPTIMIZATION_LEVEL = "-Onone";
			};
			name = Debug;
		};
		H101 /* Release */ = {
			isa = XCBuildConfiguration;
			buildSettings = {
				ALWAYS_SEARCH_USER_PATHS = NO;
				ASSETCATALOG_COMPILER_GENERATE_SWIFT_ASSET_SYMBOL_EXTENSIONS = YES;
				CLANG_ANALYZER_NONNULL = YES;
				CLANG_ANALYZER_NUMBER_OBJECT_CONVERSION = YES_AGGRESSIVE;
				CLANG_CXX_LANGUAGE_STANDARD = "gnu++20";
				CLANG_ENABLE_MODULES = YES;
				CLANG_ENABLE_OBJC_ARC = YES;
				CLANG_ENABLE_OBJC_WEAK = YES;
				CLANG_WARN_BLOCK_CAPTURE_AUTORELEASING = YES;
				CLANG_WARN_BOOL_CONVERSION = YES;
				CLANG_WARN_COMMA = YES;
				CLANG_WARN_CONSTANT_CONVERSION = YES;
				CLANG_WARN_DEPRECATED_OBJC_IMPLEMENTATIONS = YES;
				CLANG_WARN_DIRECT_OBJC_ISA_USAGE = YES_ERROR;
				CLANG_WARN_DOCUMENTATION_COMMENTS = YES;
				CLANG_WARN_EMPTY_BODY = YES;
				CLANG_WARN_ENUM_CONVERSION = YES;
				CLANG_WARN_INFINITE_RECURSION = YES;
				CLANG_WARN_INT_CONVERSION = YES;
				CLANG_WARN_NON_LITERAL_NULL_CONVERSION = YES;
				CLANG_WARN_OBJC_IMPLICIT_RETAIN_SELF = YES;
				CLANG_WARN_OBJC_LITERAL_CONVERSION = YES;
				CLANG_WARN_OBJC_ROOT_CLASS = YES_ERROR;
				CLANG_WARN_QUOTED_INCLUDE_IN_FRAMEWORK_HEADER = YES;
				CLANG_WARN_RANGE_LOOP_ANALYSIS = YES;
				CLANG_WARN_STRICT_PROTOTYPES = YES;
				CLANG_WARN_SUSPICIOUS_MOVE = YES;
				CLANG_WARN_UNGUARDED_AVAILABILITY = YES_AGGRESSIVE;
				CLANG_WARN_UNREACHABLE_CODE = YES;
				CLANG_WARN__DUPLICATE_METHOD_MATCH = YES;
				COPY_PHASE_STRIP = NO;
				DEBUG_INFORMATION_FORMAT = "dwarf-with-dsym";
				ENABLE_NS_ASSERTIONS = NO;
				ENABLE_STRICT_OBJC_MSGSEND = YES;
				ENABLE_USER_SCRIPT_SANDBOXING = YES;
				GCC_C_LANGUAGE_STANDARD = gnu17;
				GCC_NO_COMMON_BLOCKS = YES;
				GCC_WARN_64_TO_32_BIT_CONVERSION = YES;
				GCC_WARN_ABOUT_RETURN_TYPE = YES_ERROR;
				GCC_WARN_UNDECLARED_SELECTOR = YES;
				GCC_WARN_UNINITIALIZED_AUTOS = YES_AGGRESSIVE;
				GCC_WARN_UNUSED_FUNCTION = YES;
				GCC_WARN_UNUSED_VARIABLE = YES;
				IPHONEOS_DEPLOYMENT_TARGET = 17.0;
				LOCALIZATION_PREFERS_STRING_CATALOGS = YES;
				MTL_ENABLE_DEBUG_INFO = NO;
				MTL_FAST_MATH = YES;
				SDKROOT = iphoneos;
				STRING_CATALOG_GENERATE_SYMBOLS = YES;
				SWIFT_COMPILATION_MODE = wholemodule;
				VALIDATE_PRODUCT = YES;
			};
			name = Release;
		};
		H102 /* Debug */ = {
			isa = XCBuildConfiguration;
			buildSettings = {
				ASSETCATALOG_COMPILER_APPICON_NAME = AppIcon;
				ASSETCATALOG_COMPILER_GLOBAL_ACCENT_COLOR_NAME = AccentColor;
				CODE_SIGN_STYLE = Automatic;
				CURRENT_PROJECT_VERSION = 1;
				DEVELOPMENT_ASSET_PATHS = "";
				ENABLE_PREVIEWS = YES;
				GENERATE_INFOPLIST_FILE = YES;
				INFOPLIST_FILE = TallyHishab/Info.plist;
				INFOPLIST_KEY_CFBundleDisplayName = "Tally Hishab";
				INFOPLIST_KEY_LSApplicationCategoryType = "public.app-category.finance";
				INFOPLIST_KEY_NSContactsUsageDescription = "We need access to your contacts to help you quickly add people to track transactions.";
				INFOPLIST_KEY_NSPhotoLibraryUsageDescription = "We need access to your photo library to attach receipt images to transactions.";
				INFOPLIST_KEY_UIApplicationSceneManifest_Generation = YES;
				INFOPLIST_KEY_UIApplicationSupportsIndirectInputEvents = YES;
				INFOPLIST_KEY_UILaunchScreen_Generation = YES;
				INFOPLIST_KEY_UISupportedInterfaceOrientations_iPad = "UIInterfaceOrientationPortrait UIInterfaceOrientationPortraitUpsideDown UIInterfaceOrientationLandscapeLeft UIInterfaceOrientationLandscapeRight";
				INFOPLIST_KEY_UISupportedInterfaceOrientations_iPhone = "UIInterfaceOrientationPortrait UIInterfaceOrientationLandscapeLeft UIInterfaceOrientationLandscapeRight";
				LD_RUNPATH_SEARCH_PATHS = (
					"$(inherited)",
					"@executable_path/Frameworks",
				);
				MARKETING_VERSION = 1.0;
				PRODUCT_BUNDLE_IDENTIFIER = com.tallyhishab.app;
				PRODUCT_NAME = "$(TARGET_NAME)";
				SWIFT_EMIT_LOC_STRINGS = YES;
				SWIFT_VERSION = 5.0;
				TARGETED_DEVICE_FAMILY = "1,2";
			};
			name = Debug;
		};
		H103 /* Release */ = {
			isa = XCBuildConfiguration;
			buildSettings = {
				ASSETCATALOG_COMPILER_APPICON_NAME = AppIcon;
				ASSETCATALOG_COMPILER_GLOBAL_ACCENT_COLOR_NAME = AccentColor;
				CODE_SIGN_STYLE = Automatic;
				CURRENT_PROJECT_VERSION = 1;
				DEVELOPMENT_ASSET_PATHS = "";
				ENABLE_PREVIEWS = YES;
				GENERATE_INFOPLIST_FILE = YES;
				INFOPLIST_FILE = TallyHishab/Info.plist;
				INFOPLIST_KEY_CFBundleDisplayName = "Tally Hishab";
				INFOPLIST_KEY_LSApplicationCategoryType = "public.app-category.finance";
				INFOPLIST_KEY_NSContactsUsageDescription = "We need access to your contacts to help you quickly add people to track transactions.";
				INFOPLIST_KEY_NSPhotoLibraryUsageDescription = "We need access to your photo library to attach receipt images to transactions.";
				INFOPLIST_KEY_UIApplicationSceneManifest_Generation = YES;
				INFOPLIST_KEY_UIApplicationSupportsIndirectInputEvents = YES;
				INFOPLIST_KEY_UILaunchScreen_Generation = YES;
				INFOPLIST_KEY_UISupportedInterfaceOrientations_iPad = "UIInterfaceOrientationPortrait UIInterfaceOrientationPortraitUpsideDown UIInterfaceOrientationLandscapeLeft UIInterfaceOrientationLandscapeRight";
				INFOPLIST_KEY_UISupportedInterfaceOrientations_iPhone = "UIInterfaceOrientationPortrait UIInterfaceOrientationLandscapeLeft UIInterfaceOrientationLandscapeRight";
				LD_RUNPATH_SEARCH_PATHS = (
					"$(inherited)",
					"@executable_path/Frameworks",
				);
				MARKETING_VERSION = 1.0;
				PRODUCT_BUNDLE_IDENTIFIER = com.tallyhishab.app;
				PRODUCT_NAME = "$(TARGET_NAME)";
				SWIFT_EMIT_LOC_STRINGS = YES;
				SWIFT_VERSION = 5.0;
				TARGETED_DEVICE_FAMILY = "1,2";
			};
			name = Release;
		};
/* End XCBuildConfiguration section */

/* Begin XCConfigurationList section */
		F100 /* Build configuration list for PBXNativeTarget "TallyHishab" */ = {
			isa = XCConfigurationList;
			buildConfigurations = (
				H102 /* Debug */,
				H103 /* Release */,
			);
			defaultConfigurationIsVisible = 0;
			defaultConfigurationName = Release;
		};
		G101 /* Build configuration list for PBXProject "TallyHishab" */ = {
			isa = XCConfigurationList;
			buildConfigurations = (
				H100 /* Debug */,
				H101 /* Release */,
			);
			defaultConfigurationIsVisible = 0;
			defaultConfigurationName = Release;
		};
/* End XCConfigurationList section */
	};
	rootObject = G100 /* Project object */;
}
